
Microsoft Visual Studio Solution File, Format Version 12.00
# Visual Studio 15
VisualStudioVersion = 15.0.28306.52
MinimumVisualStudioVersion = 10.0.40219.1
Project("{FAE04EC0-301F-11D3-BF4B-00C04F79EFBC}") = "WaterMangoBE", "WaterMangoBE\WaterMangoBE.csproj", "{0EC0C2DA-FA19-4102-9483-95A0478A510B}"
EndProject
Project("{9A19103F-16F7-4668-BE54-9A1E7A4F7556}") = "WaterMangoBE.Repository", "WaterMangoBE.Repository\WaterMangoBE.Repository.csproj", "{3F77293A-5E50-4E9C-830C-D45C144231CF}"
EndProject
Project("{FAE04EC0-301F-11D3-BF4B-00C04F79EFBC}") = "WaterMangoBe.ServiceLayer", "WaterMangoBe.ServiceLayer\WaterMangoBe.ServiceLayer.csproj", "{8912A9D9-2066-42D8-AF2B-2DBF2A3AE3CB}"
EndProject
Global
	GlobalSection(SolutionConfigurationPlatforms) = preSolution
		Debug|Any CPU = Debug|Any CPU
		Release|Any CPU = Release|Any CPU
	EndGlobalSection
	GlobalSection(ProjectConfigurationPlatforms) = postSolution
		{0EC0C2DA-FA19-4102-9483-95A0478A510B}.Debug|Any CPU.ActiveCfg = Debug|Any CPU
		{0EC0C2DA-FA19-4102-9483-95A0478A510B}.Debug|Any CPU.Build.0 = Debug|Any CPU
		{0EC0C2DA-FA19-4102-9483-95A0478A510B}.Release|Any CPU.ActiveCfg = Release|Any CPU
		{0EC0C2DA-FA19-4102-9483-95A0478A510B}.Release|Any CPU.Build.0 = Release|Any CPU
		{3F77293A-5E50-4E9C-830C-D45C144231CF}.Debug|Any CPU.ActiveCfg = Debug|Any CPU
		{3F77293A-5E50-4E9C-830C-D45C144231CF}.Debug|Any CPU.Build.0 = Debug|Any CPU
		{3F77293A-5E50-4E9C-830C-D45C144231CF}.Release|Any CPU.ActiveCfg = Release|Any CPU
		{3F77293A-5E50-4E9C-830C-D45C144231CF}.Release|Any CPU.Build.0 = Release|Any CPU
		{8912A9D9-2066-42D8-AF2B-2DBF2A3AE3CB}.Debug|Any CPU.ActiveCfg = Debug|Any CPU
		{8912A9D9-2066-42D8-AF2B-2DBF2A3AE3CB}.Debug|Any CPU.Build.0 = Debug|Any CPU
		{8912A9D9-2066-42D8-AF2B-2DBF2A3AE3CB}.Release|Any CPU.ActiveCfg = Release|Any CPU
		{8912A9D9-2066-42D8-AF2B-2DBF2A3AE3CB}.Release|Any CPU.Build.0 = Release|Any CPU
	EndGlobalSection
	GlobalSection(SolutionProperties) = preSolution
		HideSolutionNode = FALSE
	EndGlobalSection
	GlobalSection(ExtensibilityGlobals) = postSolution
		SolutionGuid = {69E1AD6B-D832-4750-B926-3FCF0156E31F}
	EndGlobalSection
EndGlobal
